
Microsoft Visual Studio Solution File, Format Version 12.00
# Visual Studio Version 17
VisualStudioVersion = 17.0.32014.148
MinimumVisualStudioVersion = 10.0.40219.1
Project("{FAE04EC0-301F-11D3-BF4B-00C04F79EFBC}") = "WpfApp1", "WpfApp1.csproj", "{7F3905BB-6A94-484E-A372-B24C4EDBB9CE}"
EndProject
Global
	GlobalSection(SolutionConfigurationPlatforms) = preSolution
		Debug|Any CPU = Debug|Any CPU
		Release|Any CPU = Release|Any CPU
	EndGlobalSection
	GlobalSection(ProjectConfigurationPlatforms) = postSolution
		{7F3905BB-6A94-484E-A372-B24C4EDBB9CE}.Debug|Any CPU.ActiveCfg = Debug|Any CPU
		{7F3905BB-6A94-484E-A372-B24C4EDBB9CE}.Debug|Any CPU.Build.0 = Debug|Any CPU
		{7F3905BB-6A94-484E-A372-B24C4EDBB9CE}.Release|Any CPU.ActiveCfg = Release|Any CPU
		{7F3905BB-6A94-484E-A372-B24C4EDBB9CE}.Release|Any CPU.Build.0 = Release|Any CPU
	EndGlobalSection
	GlobalSection(SolutionProperties) = preSolution
		HideSolutionNode = FALSE
	EndGlobalSection
	GlobalSection(ExtensibilityGlobals) = postSolution
		SolutionGuid = {5837A4BA-3B71-44AE-9A8F-E9A1B08D3D6E}
	EndGlobalSection
EndGlobal
